// !$*UTF8*$!
{
	archiveVersion = 1;
	classes = {
	};
	objectVersion = 51;
	objects = {

/* Begin PBXBuildFile section */
		C4D0E9985A4EA5225C27B4F8 /* Pods_testIOS2.framework in Frameworks */ = {isa = PBXBuildFile; fileRef = 5A1550215125EEB4CADCF3CD /* Pods_testIOS2.framework */; };
		C5000B4325A7AEED0092DA8F /* AppDelegate.swift in Sources */ = {isa = PBXBuildFile; fileRef = C5000B4225A7AEED0092DA8F /* AppDelegate.swift */; };
		C5000B4525A7AEED0092DA8F /* SceneDelegate.swift in Sources */ = {isa = PBXBuildFile; fileRef = C5000B4425A7AEED0092DA8F /* SceneDelegate.swift */; };
		C5000B4725A7AEED0092DA8F /* ViewController.swift in Sources */ = {isa = PBXBuildFile; fileRef = C5000B4625A7AEED0092DA8F /* ViewController.swift */; };
		C5000B4A25A7AEED0092DA8F /* Main.storyboard in Resources */ = {isa = PBXBuildFile; fileRef = C5000B4825A7AEED0092DA8F /* Main.storyboard */; };
		C5000B4C25A7AEF10092DA8F /* Assets.xcassets in Resources */ = {isa = PBXBuildFile; fileRef = C5000B4B25A7AEF10092DA8F /* Assets.xcassets */; };
		C5000B4F25A7AEF10092DA8F /* LaunchScreen.storyboard in Resources */ = {isa = PBXBuildFile; fileRef = C5000B4D25A7AEF10092DA8F /* LaunchScreen.storyboard */; };
		C5000B5A25A7AEF10092DA8F /* testIOS2Tests.swift in Sources */ = {isa = PBXBuildFile; fileRef = C5000B5925A7AEF10092DA8F /* testIOS2Tests.swift */; };
		C5000B6525A7AEF10092DA8F /* testIOS2UITests.swift in Sources */ = {isa = PBXBuildFile; fileRef = C5000B6425A7AEF10092DA8F /* testIOS2UITests.swift */; };
		C5000B7725A8394D0092DA8F /* SimpleTableViewCell.swift in Sources */ = {isa = PBXBuildFile; fileRef = C5000B7525A8394D0092DA8F /* SimpleTableViewCell.swift */; };
		C5000B7825A8394D0092DA8F /* SimpleTableViewCell.xib in Resources */ = {isa = PBXBuildFile; fileRef = C5000B7625A8394D0092DA8F /* SimpleTableViewCell.xib */; };
		C5000B7E25A967460092DA8F /* imageTableViewCell.swift in Sources */ = {isa = PBXBuildFile; fileRef = C5000B7C25A967460092DA8F /* imageTableViewCell.swift */; };
		C5000B7F25A967460092DA8F /* imageTableViewCell.xib in Resources */ = {isa = PBXBuildFile; fileRef = C5000B7D25A967460092DA8F /* imageTableViewCell.xib */; };
		C520429A25BA8F450012C805 /* GoogleService-Info.plist in Resources */ = {isa = PBXBuildFile; fileRef = C520429925BA8F450012C805 /* GoogleService-Info.plist */; };
		C5511D5B25AAD75C005FF789 /* InputTableViewCell.swift in Sources */ = {isa = PBXBuildFile; fileRef = C5511D5925AAD75C005FF789 /* InputTableViewCell.swift */; };
		C5511D5C25AAD75C005FF789 /* InputTableViewCell.xib in Resources */ = {isa = PBXBuildFile; fileRef = C5511D5A25AAD75C005FF789 /* InputTableViewCell.xib */; };
		C5511D6F25B3A343005FF789 /* PicksViewController.swift in Sources */ = {isa = PBXBuildFile; fileRef = C5511D6E25B3A343005FF789 /* PicksViewController.swift */; };
/* End PBXBuildFile section */

/* Begin PBXContainerItemProxy section */
		C5000B5625A7AEF10092DA8F /* PBXContainerItemProxy */ = {
			isa = PBXContainerItemProxy;
			containerPortal = C5000B3725A7AEED0092DA8F /* Project object */;
			proxyType = 1;
			remoteGlobalIDString = C5000B3E25A7AEED0092DA8F;
			remoteInfo = testIOS2;
		};
		C5000B6125A7AEF10092DA8F /* PBXContainerItemProxy */ = {
			isa = PBXContainerItemProxy;
			containerPortal = C5000B3725A7AEED0092DA8F /* Project object */;
			proxyType = 1;
			remoteGlobalIDString = C5000B3E25A7AEED0092DA8F;
			remoteInfo = testIOS2;
		};
/* End PBXContainerItemProxy section */

/* Begin PBXFileReference section */
		5A1550215125EEB4CADCF3CD /* Pods_testIOS2.framework */ = {isa = PBXFileReference; explicitFileType = wrapper.framework; includeInIndex = 0; path = Pods_testIOS2.framework; sourceTree = BUILT_PRODUCTS_DIR; };
		852293E025F82F3F7B577D14 /* Pods-testIOS2.release.xcconfig */ = {isa = PBXFileReference; includeInIndex = 1; lastKnownFileType = text.xcconfig; name = "Pods-testIOS2.release.xcconfig"; path = "Target Support Files/Pods-testIOS2/Pods-testIOS2.release.xcconfig"; sourceTree = "<group>"; };
		C3B0B60D7088620F030D8EB4 /* Pods-testIOS2.debug.xcconfig */ = {isa = PBXFileReference; includeInIndex = 1; lastKnownFileType = text.xcconfig; name = "Pods-testIOS2.debug.xcconfig"; path = "Target Support Files/Pods-testIOS2/Pods-testIOS2.debug.xcconfig"; sourceTree = "<group>"; };
		C5000B3F25A7AEED0092DA8F /* testIOS2.app */ = {isa = PBXFileReference; explicitFileType = wrapper.application; includeInIndex = 0; path = testIOS2.app; sourceTree = BUILT_PRODUCTS_DIR; };
		C5000B4225A7AEED0092DA8F /* AppDelegate.swift */ = {isa = PBXFileReference; lastKnownFileType = sourcecode.swift; path = AppDelegate.swift; sourceTree = "<group>"; };
		C5000B4425A7AEED0092DA8F /* SceneDelegate.swift */ = {isa = PBXFileReference; lastKnownFileType = sourcecode.swift; path = SceneDelegate.swift; sourceTree = "<group>"; };
		C5000B4625A7AEED0092DA8F /* ViewController.swift */ = {isa = PBXFileReference; lastKnownFileType = sourcecode.swift; path = ViewController.swift; sourceTree = "<group>"; };
		C5000B4925A7AEED0092DA8F /* Base */ = {isa = PBXFileReference; lastKnownFileType = file.storyboard; name = Base; path = Base.lproj/Main.storyboard; sourceTree = "<group>"; };
		C5000B4B25A7AEF10092DA8F /* Assets.xcassets */ = {isa = PBXFileReference; lastKnownFileType = folder.assetcatalog; path = Assets.xcassets; sourceTree = "<group>"; };
		C5000B4E25A7AEF10092DA8F /* Base */ = {isa = PBXFileReference; lastKnownFileType = file.storyboard; name = Base; path = Base.lproj/LaunchScreen.storyboard; sourceTree = "<group>"; };
		C5000B5025A7AEF10092DA8F /* Info.plist */ = {isa = PBXFileReference; lastKnownFileType = text.plist.xml; path = Info.plist; sourceTree = "<group>"; };
		C5000B5525A7AEF10092DA8F /* testIOS2Tests.xctest */ = {isa = PBXFileReference; explicitFileType = wrapper.cfbundle; includeInIndex = 0; path = testIOS2Tests.xctest; sourceTree = BUILT_PRODUCTS_DIR; };
		C5000B5925A7AEF10092DA8F /* testIOS2Tests.swift */ = {isa = PBXFileReference; lastKnownFileType = sourcecode.swift; path = testIOS2Tests.swift; sourceTree = "<group>"; };
		C5000B5B25A7AEF10092DA8F /* Info.plist */ = {isa = PBXFileReference; lastKnownFileType = text.plist.xml; path = Info.plist; sourceTree = "<group>"; };
		C5000B6025A7AEF10092DA8F /* testIOS2UITests.xctest */ = {isa = PBXFileReference; explicitFileType = wrapper.cfbundle; includeInIndex = 0; path = testIOS2UITests.xctest; sourceTree = BUILT_PRODUCTS_DIR; };
		C5000B6425A7AEF10092DA8F /* testIOS2UITests.swift */ = {isa = PBXFileReference; lastKnownFileType = sourcecode.swift; path = testIOS2UITests.swift; sourceTree = "<group>"; };
		C5000B6625A7AEF10092DA8F /* Info.plist */ = {isa = PBXFileReference; lastKnownFileType = text.plist.xml; path = Info.plist; sourceTree = "<group>"; };
		C5000B7525A8394D0092DA8F /* SimpleTableViewCell.swift */ = {isa = PBXFileReference; lastKnownFileType = sourcecode.swift; path = SimpleTableViewCell.swift; sourceTree = "<group>"; };
		C5000B7625A8394D0092DA8F /* SimpleTableViewCell.xib */ = {isa = PBXFileReference; lastKnownFileType = file.xib; path = SimpleTableViewCell.xib; sourceTree = "<group>"; };
		C5000B7C25A967460092DA8F /* imageTableViewCell.swift */ = {isa = PBXFileReference; lastKnownFileType = sourcecode.swift; path = imageTableViewCell.swift; sourceTree = "<group>"; };
		C5000B7D25A967460092DA8F /* imageTableViewCell.xib */ = {isa = PBXFileReference; lastKnownFileType = file.xib; path = imageTableViewCell.xib; sourceTree = "<group>"; };
		C520429925BA8F450012C805 /* GoogleService-Info.plist */ = {isa = PBXFileReference; fileEncoding = 4; lastKnownFileType = text.plist.xml; path = "GoogleService-Info.plist"; sourceTree = "<group>"; };
		C5511D5925AAD75C005FF789 /* InputTableViewCell.swift */ = {isa = PBXFileReference; lastKnownFileType = sourcecode.swift; path = InputTableViewCell.swift; sourceTree = "<group>"; };
		C5511D5A25AAD75C005FF789 /* InputTableViewCell.xib */ = {isa = PBXFileReference; lastKnownFileType = file.xib; path = InputTableViewCell.xib; sourceTree = "<group>"; };
		C5511D6E25B3A343005FF789 /* PicksViewController.swift */ = {isa = PBXFileReference; lastKnownFileType = sourcecode.swift; path = PicksViewController.swift; sourceTree = "<group>"; };
/* End PBXFileReference section */

/* Begin PBXFrameworksBuildPhase section */
		C5000B3C25A7AEED0092DA8F /* Frameworks */ = {
			isa = PBXFrameworksBuildPhase;
			buildActionMask = 2147483647;
			files = (
				C4D0E9985A4EA5225C27B4F8 /* Pods_testIOS2.framework in Frameworks */,
			);
			runOnlyForDeploymentPostprocessing = 0;
		};
		C5000B5225A7AEF10092DA8F /* Frameworks */ = {
			isa = PBXFrameworksBuildPhase;
			buildActionMask = 2147483647;
			files = (
			);
			runOnlyForDeploymentPostprocessing = 0;
		};
		C5000B5D25A7AEF10092DA8F /* Frameworks */ = {
			isa = PBXFrameworksBuildPhase;
			buildActionMask = 2147483647;
			files = (
			);
			runOnlyForDeploymentPostprocessing = 0;
		};
/* End PBXFrameworksBuildPhase section */

/* Begin PBXGroup section */
		C5000B3625A7AEED0092DA8F = {
			isa = PBXGroup;
			children = (
				C5000B4125A7AEED0092DA8F /* testIOS2 */,
				C5000B5825A7AEF10092DA8F /* testIOS2Tests */,
				C5000B6325A7AEF10092DA8F /* testIOS2UITests */,
				C5000B4025A7AEED0092DA8F /* Products */,
				F043A4CCF50795E98423C83E /* Pods */,
				E806667BA61097C984CC63CC /* Frameworks */,
			);
			sourceTree = "<group>";
		};
		C5000B4025A7AEED0092DA8F /* Products */ = {
			isa = PBXGroup;
			children = (
				C5000B3F25A7AEED0092DA8F /* testIOS2.app */,
				C5000B5525A7AEF10092DA8F /* testIOS2Tests.xctest */,
				C5000B6025A7AEF10092DA8F /* testIOS2UITests.xctest */,
			);
			name = Products;
			sourceTree = "<group>";
		};
		C5000B4125A7AEED0092DA8F /* testIOS2 */ = {
			isa = PBXGroup;
			children = (
				C5000B4225A7AEED0092DA8F /* AppDelegate.swift */,
				C5000B4425A7AEED0092DA8F /* SceneDelegate.swift */,
				C5511D6525B3A2E1005FF789 /* Controller */,
				C5000B4825A7AEED0092DA8F /* Main.storyboard */,
				C5000B4B25A7AEF10092DA8F /* Assets.xcassets */,
				C5000B4D25A7AEF10092DA8F /* LaunchScreen.storyboard */,
				C5000B5025A7AEF10092DA8F /* Info.plist */,
				C520429925BA8F450012C805 /* GoogleService-Info.plist */,
				C5000B7525A8394D0092DA8F /* SimpleTableViewCell.swift */,
				C5000B7625A8394D0092DA8F /* SimpleTableViewCell.xib */,
				C5000B7C25A967460092DA8F /* imageTableViewCell.swift */,
				C5000B7D25A967460092DA8F /* imageTableViewCell.xib */,
				C5511D5925AAD75C005FF789 /* InputTableViewCell.swift */,
				C5511D5A25AAD75C005FF789 /* InputTableViewCell.xib */,
			);
			path = testIOS2;
			sourceTree = "<group>";
		};
		C5000B5825A7AEF10092DA8F /* testIOS2Tests */ = {
			isa = PBXGroup;
			children = (
				C5000B5925A7AEF10092DA8F /* testIOS2Tests.swift */,
				C5000B5B25A7AEF10092DA8F /* Info.plist */,
			);
			path = testIOS2Tests;
			sourceTree = "<group>";
		};
		C5000B6325A7AEF10092DA8F /* testIOS2UITests */ = {
			isa = PBXGroup;
			children = (
				C5000B6425A7AEF10092DA8F /* testIOS2UITests.swift */,
				C5000B6625A7AEF10092DA8F /* Info.plist */,
			);
			path = testIOS2UITests;
			sourceTree = "<group>";
		};
		C5511D6525B3A2E1005FF789 /* Controller */ = {
			isa = PBXGroup;
			children = (
				C5000B4625A7AEED0092DA8F /* ViewController.swift */,
				C5511D6E25B3A343005FF789 /* PicksViewController.swift */,
			);
			path = Controller;
			sourceTree = "<group>";
		};
		E806667BA61097C984CC63CC /* Frameworks */ = {
			isa = PBXGroup;
			children = (
				5A1550215125EEB4CADCF3CD /* Pods_testIOS2.framework */,
			);
			name = Frameworks;
			sourceTree = "<group>";
		};
		F043A4CCF50795E98423C83E /* Pods */ = {
			isa = PBXGroup;
			children = (
				C3B0B60D7088620F030D8EB4 /* Pods-testIOS2.debug.xcconfig */,
				852293E025F82F3F7B577D14 /* Pods-testIOS2.release.xcconfig */,
			);
			path = Pods;
			sourceTree = "<group>";
		};
/* End PBXGroup section */

/* Begin PBXNativeTarget section */
		C5000B3E25A7AEED0092DA8F /* testIOS2 */ = {
			isa = PBXNativeTarget;
			buildConfigurationList = C5000B6925A7AEF10092DA8F /* Build configuration list for PBXNativeTarget "testIOS2" */;
			buildPhases = (
				C32C498AFE1F92EF7558AE8A /* [CP] Check Pods Manifest.lock */,
				C5000B3B25A7AEED0092DA8F /* Sources */,
				C5000B3C25A7AEED0092DA8F /* Frameworks */,
				C5000B3D25A7AEED0092DA8F /* Resources */,
				576DB483BE2FC26D7090E29A /* [CP] Embed Pods Frameworks */,
			);
			buildRules = (
			);
			dependencies = (
			);
			name = testIOS2;
			productName = testIOS2;
			productReference = C5000B3F25A7AEED0092DA8F /* testIOS2.app */;
			productType = "com.apple.product-type.application";
		};
		C5000B5425A7AEF10092DA8F /* testIOS2Tests */ = {
			isa = PBXNativeTarget;
			buildConfigurationList = C5000B6C25A7AEF10092DA8F /* Build configuration list for PBXNativeTarget "testIOS2Tests" */;
			buildPhases = (
				C5000B5125A7AEF10092DA8F /* Sources */,
				C5000B5225A7AEF10092DA8F /* Frameworks */,
				C5000B5325A7AEF10092DA8F /* Resources */,
			);
			buildRules = (
			);
			dependencies = (
				C5000B5725A7AEF10092DA8F /* PBXTargetDependency */,
			);
			name = testIOS2Tests;
			productName = testIOS2Tests;
			productReference = C5000B5525A7AEF10092DA8F /* testIOS2Tests.xctest */;
			productType = "com.apple.product-type.bundle.unit-test";
		};
		C5000B5F25A7AEF10092DA8F /* testIOS2UITests */ = {
			isa = PBXNativeTarget;
			buildConfigurationList = C5000B6F25A7AEF10092DA8F /* Build configuration list for PBXNativeTarget "testIOS2UITests" */;
			buildPhases = (
				C5000B5C25A7AEF10092DA8F /* Sources */,
				C5000B5D25A7AEF10092DA8F /* Frameworks */,
				C5000B5E25A7AEF10092DA8F /* Resources */,
			);
			buildRules = (
			);
			dependencies = (
				C5000B6225A7AEF10092DA8F /* PBXTargetDependency */,
			);
			name = testIOS2UITests;
			productName = testIOS2UITests;
			productReference = C5000B6025A7AEF10092DA8F /* testIOS2UITests.xctest */;
			productType = "com.apple.product-type.bundle.ui-testing";
		};
/* End PBXNativeTarget section */

/* Begin PBXProject section */
		C5000B3725A7AEED0092DA8F /* Project object */ = {
			isa = PBXProject;
			attributes = {
				LastSwiftUpdateCheck = 1230;
				LastUpgradeCheck = 1230;
				TargetAttributes = {
					C5000B3E25A7AEED0092DA8F = {
						CreatedOnToolsVersion = 12.3;
					};
					C5000B5425A7AEF10092DA8F = {
						CreatedOnToolsVersion = 12.3;
						TestTargetID = C5000B3E25A7AEED0092DA8F;
					};
					C5000B5F25A7AEF10092DA8F = {
						CreatedOnToolsVersion = 12.3;
						TestTargetID = C5000B3E25A7AEED0092DA8F;
					};
				};
			};
			buildConfigurationList = C5000B3A25A7AEED0092DA8F /* Build configuration list for PBXProject "testIOS2" */;
			compatibilityVersion = "Xcode 9.3";
			developmentRegion = en;
			hasScannedForEncodings = 0;
			knownRegions = (
				en,
				Base,
			);
			mainGroup = C5000B3625A7AEED0092DA8F;
			productRefGroup = C5000B4025A7AEED0092DA8F /* Products */;
			projectDirPath = "";
			projectRoot = "";
			targets = (
				C5000B3E25A7AEED0092DA8F /* testIOS2 */,
				C5000B5425A7AEF10092DA8F /* testIOS2Tests */,
				C5000B5F25A7AEF10092DA8F /* testIOS2UITests */,
			);
		};
/* End PBXProject section */

/* Begin PBXResourcesBuildPhase section */
		C5000B3D25A7AEED0092DA8F /* Resources */ = {
			isa = PBXResourcesBuildPhase;
			buildActionMask = 2147483647;
			files = (
				C5000B4F25A7AEF10092DA8F /* LaunchScreen.storyboard in Resources */,
				C5000B7825A8394D0092DA8F /* SimpleTableViewCell.xib in Resources */,
				C5000B4C25A7AEF10092DA8F /* Assets.xcassets in Resources */,
				C5000B4A25A7AEED0092DA8F /* Main.storyboard in Resources */,
				C5511D5C25AAD75C005FF789 /* InputTableViewCell.xib in Resources */,
				C5000B7F25A967460092DA8F /* imageTableViewCell.xib in Resources */,
				C520429A25BA8F450012C805 /* GoogleService-Info.plist in Resources */,
			);
			runOnlyForDeploymentPostprocessing = 0;
		};
		C5000B5325A7AEF10092DA8F /* Resources */ = {
			isa = PBXResourcesBuildPhase;
			buildActionMask = 2147483647;
			files = (
			);
			runOnlyForDeploymentPostprocessing = 0;
		};
		C5000B5E25A7AEF10092DA8F /* Resources */ = {
			isa = PBXResourcesBuildPhase;
			buildActionMask = 2147483647;
			files = (
			);
			runOnlyForDeploymentPostprocessing = 0;
		};
/* End PBXResourcesBuildPhase section */

/* Begin PBXShellScriptBuildPhase section */
		576DB483BE2FC26D7090E29A /* [CP] Embed Pods Frameworks */ = {
			isa = PBXShellScriptBuildPhase;
			buildActionMask = 2147483647;
			files = (
			);
			inputFileListPaths = (
				"${PODS_ROOT}/Target Support Files/Pods-testIOS2/Pods-testIOS2-frameworks-${CONFIGURATION}-input-files.xcfilelist",
			);
			name = "[CP] Embed Pods Frameworks";
			outputFileListPaths = (
				"${PODS_ROOT}/Target Support Files/Pods-testIOS2/Pods-testIOS2-frameworks-${CONFIGURATION}-output-files.xcfilelist",
			);
			runOnlyForDeploymentPostprocessing = 0;
			shellPath = /bin/sh;
			shellScript = "\"${PODS_ROOT}/Target Support Files/Pods-testIOS2/Pods-testIOS2-frameworks.sh\"\n";
			showEnvVarsInLog = 0;
		};
		C32C498AFE1F92EF7558AE8A /* [CP] Check Pods Manifest.lock */ = {
			isa = PBXShellScriptBuildPhase;
			buildActionMask = 2147483647;
			files = (
			);
			inputFileListPaths = (
			);
			inputPaths = (
				"${PODS_PODFILE_DIR_PATH}/Podfile.lock",
				"${PODS_ROOT}/Manifest.lock",
			);
			name = "[CP] Check Pods Manifest.lock";
			outputFileListPaths = (
			);
			outputPaths = (
				"$(DERIVED_FILE_DIR)/Pods-testIOS2-checkManifestLockResult.txt",
			);
			runOnlyForDeploymentPostprocessing = 0;
			shellPath = /bin/sh;
			shellScript = "diff \"${PODS_PODFILE_DIR_PATH}/Podfile.lock\" \"${PODS_ROOT}/Manifest.lock\" > /dev/null\nif [ $? != 0 ] ; then\n    # print error to STDERR\n    echo \"error: The sandbox is not in sync with the Podfile.lock. Run 'pod install' or update your CocoaPods installation.\" >&2\n    exit 1\nfi\n# This output is used by Xcode 'outputs' to avoid re-running this script phase.\necho \"SUCCESS\" > \"${SCRIPT_OUTPUT_FILE_0}\"\n";
			showEnvVarsInLog = 0;
		};
/* End PBXShellScriptBuildPhase section */

/* Begin PBXSourcesBuildPhase section */
		C5000B3B25A7AEED0092DA8F /* Sources */ = {
			isa = PBXSourcesBuildPhase;
			buildActionMask = 2147483647;
			files = (
				C5000B7E25A967460092DA8F /* imageTableViewCell.swift in Sources */,
				C5000B4725A7AEED0092DA8F /* ViewController.swift in Sources */,
				C5000B7725A8394D0092DA8F /* SimpleTableViewCell.swift in Sources */,
				C5000B4325A7AEED0092DA8F /* AppDelegate.swift in Sources */,
				C5511D5B25AAD75C005FF789 /* InputTableViewCell.swift in Sources */,
				C5511D6F25B3A343005FF789 /* PicksViewController.swift in Sources */,
				C5000B4525A7AEED0092DA8F /* SceneDelegate.swift in Sources */,
			);
			runOnlyForDeploymentPostprocessing = 0;
		};
		C5000B5125A7AEF10092DA8F /* Sources */ = {
			isa = PBXSourcesBuildPhase;
			buildActionMask = 2147483647;
			files = (
				C5000B5A25A7AEF10092DA8F /* testIOS2Tests.swift in Sources */,
			);
			runOnlyForDeploymentPostprocessing = 0;
		};
		C5000B5C25A7AEF10092DA8F /* Sources */ = {
			isa = PBXSourcesBuildPhase;
			buildActionMask = 2147483647;
			files = (
				C5000B6525A7AEF10092DA8F /* testIOS2UITests.swift in Sources */,
			);
			runOnlyForDeploymentPostprocessing = 0;
		};
/* End PBXSourcesBuildPhase section */

/* Begin PBXTargetDependency section */
		C5000B5725A7AEF10092DA8F /* PBXTargetDependency */ = {
			isa = PBXTargetDependency;
			target = C5000B3E25A7AEED0092DA8F /* testIOS2 */;
			targetProxy = C5000B5625A7AEF10092DA8F /* PBXContainerItemProxy */;
		};
		C5000B6225A7AEF10092DA8F /* PBXTargetDependency */ = {
			isa = PBXTargetDependency;
			target = C5000B3E25A7AEED0092DA8F /* testIOS2 */;
			targetProxy = C5000B6125A7AEF10092DA8F /* PBXContainerItemProxy */;
		};
/* End PBXTargetDependency section */

/* Begin PBXVariantGroup section */
		C5000B4825A7AEED0092DA8F /* Main.storyboard */ = {
			isa = PBXVariantGroup;
			children = (
				C5000B4925A7AEED0092DA8F /* Base */,
			);
			name = Main.storyboard;
			sourceTree = "<group>";
		};
		C5000B4D25A7AEF10092DA8F /* LaunchScreen.storyboard */ = {
			isa = PBXVariantGroup;
			children = (
				C5000B4E25A7AEF10092DA8F /* Base */,
			);
			name = LaunchScreen.storyboard;
			sourceTree = "<group>";
		};
/* End PBXVariantGroup section */

/* Begin XCBuildConfiguration section */
		C5000B6725A7AEF10092DA8F /* Debug */ = {
			isa = XCBuildConfiguration;
			buildSettings = {
				ALWAYS_SEARCH_USER_PATHS = NO;
				CLANG_ANALYZER_NONNULL = YES;
				CLANG_ANALYZER_NUMBER_OBJECT_CONVERSION = YES_AGGRESSIVE;
				CLANG_CXX_LANGUAGE_STANDARD = "gnu++14";
				CLANG_CXX_LIBRARY = "libc++";
				CLANG_ENABLE_MODULES = YES;
				CLANG_ENABLE_OBJC_ARC = YES;
				CLANG_ENABLE_OBJC_WEAK = YES;
				CLANG_WARN_BLOCK_CAPTURE_AUTORELEASING = YES;
				CLANG_WARN_BOOL_CONVERSION = YES;
				CLANG_WARN_COMMA = YES;
				CLANG_WARN_CONSTANT_CONVERSION = YES;
				CLANG_WARN_DEPRECATED_OBJC_IMPLEMENTATIONS = YES;
				CLANG_WARN_DIRECT_OBJC_ISA_USAGE = YES_ERROR;
				CLANG_WARN_DOCUMENTATION_COMMENTS = YES;
				CLANG_WARN_EMPTY_BODY = YES;
				CLANG_WARN_ENUM_CONVERSION = YES;
				CLANG_WARN_INFINITE_RECURSION = YES;
				CLANG_WARN_INT_CONVERSION = YES;
				CLANG_WARN_NON_LITERAL_NULL_CONVERSION = YES;
				CLANG_WARN_OBJC_IMPLICIT_RETAIN_SELF = YES;
				CLANG_WARN_OBJC_LITERAL_CONVERSION = YES;
				CLANG_WARN_OBJC_ROOT_CLASS = YES_ERROR;
				CLANG_WARN_QUOTED_INCLUDE_IN_FRAMEWORK_HEADER = YES;
				CLANG_WARN_RANGE_LOOP_ANALYSIS = YES;
				CLANG_WARN_STRICT_PROTOTYPES = YES;
				CLANG_WARN_SUSPICIOUS_MOVE = YES;
				CLANG_WARN_UNGUARDED_AVAILABILITY = YES_AGGRESSIVE;
				CLANG_WARN_UNREACHABLE_CODE = YES;
				CLANG_WARN__DUPLICATE_METHOD_MATCH = YES;
				COPY_PHASE_STRIP = NO;
				DEBUG_INFORMATION_FORMAT = dwarf;
				ENABLE_STRICT_OBJC_MSGSEND = YES;
				ENABLE_TESTABILITY = YES;
				GCC_C_LANGUAGE_STANDARD = gnu11;
				GCC_DYNAMIC_NO_PIC = NO;
				GCC_NO_COMMON_BLOCKS = YES;
				GCC_OPTIMIZATION_LEVEL = 0;
				GCC_PREPROCESSOR_DEFINITIONS = (
					"DEBUG=1",
					"$(inherited)",
				);
				GCC_WARN_64_TO_32_BIT_CONVERSION = YES;
				GCC_WARN_ABOUT_RETURN_TYPE = YES_ERROR;
				GCC_WARN_UNDECLARED_SELECTOR = YES;
				GCC_WARN_UNINITIALIZED_AUTOS = YES_AGGRESSIVE;
				GCC_WARN_UNUSED_FUNCTION = YES;
				GCC_WARN_UNUSED_VARIABLE = YES;
				IPHONEOS_DEPLOYMENT_TARGET = 14.3;
				MTL_ENABLE_DEBUG_INFO = INCLUDE_SOURCE;
				MTL_FAST_MATH = YES;
				ONLY_ACTIVE_ARCH = YES;
				SDKROOT = iphoneos;
				SWIFT_ACTIVE_COMPILATION_CONDITIONS = DEBUG;
				SWIFT_OPTIMIZATION_LEVEL = "-Onone";
			};
			name = Debug;
		};
		C5000B6825A7AEF10092DA8F /* Release */ = {
			isa = XCBuildConfiguration;
			buildSettings = {
				ALWAYS_SEARCH_USER_PATHS = NO;
				CLANG_ANALYZER_NONNULL = YES;
				CLANG_ANALYZER_NUMBER_OBJECT_CONVERSION = YES_AGGRESSIVE;
				CLANG_CXX_LANGUAGE_STANDARD = "gnu++14";
				CLANG_CXX_LIBRARY = "libc++";
				CLANG_ENABLE_MODULES = YES;
				CLANG_ENABLE_OBJC_ARC = YES;
				CLANG_ENABLE_OBJC_WEAK = YES;
				CLANG_WARN_BLOCK_CAPTURE_AUTORELEASING = YES;
				CLANG_WARN_BOOL_CONVERSION = YES;
				CLANG_WARN_COMMA = YES;
				CLANG_WARN_CONSTANT_CONVERSION = YES;
				CLANG_WARN_DEPRECATED_OBJC_IMPLEMENTATIONS = YES;
				CLANG_WARN_DIRECT_OBJC_ISA_USAGE = YES_ERROR;
				CLANG_WARN_DOCUMENTATION_COMMENTS = YES;
				CLANG_WARN_EMPTY_BODY = YES;
				CLANG_WARN_ENUM_CONVERSION = YES;
				CLANG_WARN_INFINITE_RECURSION = YES;
				CLANG_WARN_INT_CONVERSION = YES;
				CLANG_WARN_NON_LITERAL_NULL_CONVERSION = YES;
				CLANG_WARN_OBJC_IMPLICIT_RETAIN_SELF = YES;
				CLANG_WARN_OBJC_LITERAL_CONVERSION = YES;
				CLANG_WARN_OBJC_ROOT_CLASS = YES_ERROR;
				CLANG_WARN_QUOTED_INCLUDE_IN_FRAMEWORK_HEADER = YES;
				CLANG_WARN_RANGE_LOOP_ANALYSIS = YES;
				CLANG_WARN_STRICT_PROTOTYPES = YES;
				CLANG_WARN_SUSPICIOUS_MOVE = YES;
				CLANG_WARN_UNGUARDED_AVAILABILITY = YES_AGGRESSIVE;
				CLANG_WARN_UNREACHABLE_CODE = YES;
				CLANG_WARN__DUPLICATE_METHOD_MATCH = YES;
				COPY_PHASE_STRIP = NO;
				DEBUG_INFORMATION_FORMAT = "dwarf-with-dsym";
				ENABLE_NS_ASSERTIONS = NO;
				ENABLE_STRICT_OBJC_MSGSEND = YES;
				GCC_C_LANGUAGE_STANDARD = gnu11;
				GCC_NO_COMMON_BLOCKS = YES;
				GCC_WARN_64_TO_32_BIT_CONVERSION = YES;
				GCC_WARN_ABOUT_RETURN_TYPE = YES_ERROR;
				GCC_WARN_UNDECLARED_SELECTOR = YES;
				GCC_WARN_UNINITIALIZED_AUTOS = YES_AGGRESSIVE;
				GCC_WARN_UNUSED_FUNCTION = YES;
				GCC_WARN_UNUSED_VARIABLE = YES;
				IPHONEOS_DEPLOYMENT_TARGET = 14.3;
				MTL_ENABLE_DEBUG_INFO = NO;
				MTL_FAST_MATH = YES;
				SDKROOT = iphoneos;
				SWIFT_COMPILATION_MODE = wholemodule;
				SWIFT_OPTIMIZATION_LEVEL = "-O";
				VALIDATE_PRODUCT = YES;
			};
			name = Release;
		};
		C5000B6A25A7AEF10092DA8F /* Debug */ = {
			isa = XCBuildConfiguration;
			baseConfigurationReference = C3B0B60D7088620F030D8EB4 /* Pods-testIOS2.debug.xcconfig */;
			buildSettings = {
				ASSETCATALOG_COMPILER_APPICON_NAME = AppIcon;
				ASSETCATALOG_COMPILER_GLOBAL_ACCENT_COLOR_NAME = AccentColor;
				CODE_SIGN_STYLE = Automatic;
				DEVELOPMENT_TEAM = XV272CGUK8;
				INFOPLIST_FILE = testIOS2/Info.plist;
				LD_RUNPATH_SEARCH_PATHS = (
					"$(inherited)",
					"@executable_path/Frameworks",
				);
				PRODUCT_BUNDLE_IDENTIFIER = com.enterprise.testIOS2;
				PRODUCT_NAME = "$(TARGET_NAME)";
				SWIFT_VERSION = 5.0;
				TARGETED_DEVICE_FAMILY = "1,2";
			};
			name = Debug;
		};
		C5000B6B25A7AEF10092DA8F /* Release */ = {
			isa = XCBuildConfiguration;
			baseConfigurationReference = 852293E025F82F3F7B577D14 /* Pods-testIOS2.release.xcconfig */;
			buildSettings = {
				ASSETCATALOG_COMPILER_APPICON_NAME = AppIcon;
				ASSETCATALOG_COMPILER_GLOBAL_ACCENT_COLOR_NAME = AccentColor;
				CODE_SIGN_STYLE = Automatic;
				DEVELOPMENT_TEAM = XV272CGUK8;
				INFOPLIST_FILE = testIOS2/Info.plist;
				LD_RUNPATH_SEARCH_PATHS = (
					"$(inherited)",
					"@executable_path/Frameworks",
				);
				PRODUCT_BUNDLE_IDENTIFIER = com.enterprise.testIOS2;
				PRODUCT_NAME = "$(TARGET_NAME)";
				SWIFT_VERSION = 5.0;
				TARGETED_DEVICE_FAMILY = "1,2";
			};
			name = Release;
		};
		C5000B6D25A7AEF10092DA8F /* Debug */ = {
			isa = XCBuildConfiguration;
			buildSettings = {
				ALWAYS_EMBED_SWIFT_STANDARD_LIBRARIES = YES;
				BUNDLE_LOADER = "$(TEST_HOST)";
				CODE_SIGN_STYLE = Automatic;
				DEVELOPMENT_TEAM = XV272CGUK8;
				INFOPLIST_FILE = testIOS2Tests/Info.plist;
				IPHONEOS_DEPLOYMENT_TARGET = 14.3;
				LD_RUNPATH_SEARCH_PATHS = (
					"$(inherited)",
					"@executable_path/Frameworks",
					"@loader_path/Frameworks",
				);
				PRODUCT_BUNDLE_IDENTIFIER = com.enterprise.testIOS2Tests;
				PRODUCT_NAME = "$(TARGET_NAME)";
				SWIFT_VERSION = 5.0;
				TARGETED_DEVICE_FAMILY = "1,2";
				TEST_HOST = "$(BUILT_PRODUCTS_DIR)/testIOS2.app/testIOS2";
			};
			name = Debug;
		};
		C5000B6E25A7AEF10092DA8F /* Release */ = {
			isa = XCBuildConfiguration;
			buildSettings = {
				ALWAYS_EMBED_SWIFT_STANDARD_LIBRARIES = YES;
				BUNDLE_LOADER = "$(TEST_HOST)";
				CODE_SIGN_STYLE = Automatic;
				DEVELOPMENT_TEAM = XV272CGUK8;
				INFOPLIST_FILE = testIOS2Tests/Info.plist;
				IPHONEOS_DEPLOYMENT_TARGET = 14.3;
				LD_RUNPATH_SEARCH_PATHS = (
					"$(inherited)",
					"@executable_path/Frameworks",
					"@loader_path/Frameworks",
				);
				PRODUCT_BUNDLE_IDENTIFIER = com.enterprise.testIOS2Tests;
				PRODUCT_NAME = "$(TARGET_NAME)";
				SWIFT_VERSION = 5.0;
				TARGETED_DEVICE_FAMILY = "1,2";
				TEST_HOST = "$(BUILT_PRODUCTS_DIR)/testIOS2.app/testIOS2";
			};
			name = Release;
		};
		C5000B7025A7AEF10092DA8F /* Debug */ = {
			isa = XCBuildConfiguration;
			buildSettings = {
				ALWAYS_EMBED_SWIFT_STANDARD_LIBRARIES = YES;
				CODE_SIGN_STYLE = Automatic;
				DEVELOPMENT_TEAM = XV272CGUK8;
				INFOPLIST_FILE = testIOS2UITests/Info.plist;
				LD_RUNPATH_SEARCH_PATHS = (
					"$(inherited)",
					"@executable_path/Frameworks",
					"@loader_path/Frameworks",
				);
				PRODUCT_BUNDLE_IDENTIFIER = com.enterprise.testIOS2UITests;
				PRODUCT_NAME = "$(TARGET_NAME)";
				SWIFT_VERSION = 5.0;
				TARGETED_DEVICE_FAMILY = "1,2";
				TEST_TARGET_NAME = testIOS2;
			};
			name = Debug;
		};
		C5000B7125A7AEF10092DA8F /* Release */ = {
			isa = XCBuildConfiguration;
			buildSettings = {
				ALWAYS_EMBED_SWIFT_STANDARD_LIBRARIES = YES;
				CODE_SIGN_STYLE = Automatic;
				DEVELOPMENT_TEAM = XV272CGUK8;
				INFOPLIST_FILE = testIOS2UITests/Info.plist;
				LD_RUNPATH_SEARCH_PATHS = (
					"$(inherited)",
					"@executable_path/Frameworks",
					"@loader_path/Frameworks",
				);
				PRODUCT_BUNDLE_IDENTIFIER = com.enterprise.testIOS2UITests;
				PRODUCT_NAME = "$(TARGET_NAME)";
				SWIFT_VERSION = 5.0;
				TARGETED_DEVICE_FAMILY = "1,2";
				TEST_TARGET_NAME = testIOS2;
			};
			name = Release;
		};
/* End XCBuildConfiguration section */

/* Begin XCConfigurationList section */
		C5000B3A25A7AEED0092DA8F /* Build configuration list for PBXProject "testIOS2" */ = {
			isa = XCConfigurationList;
			buildConfigurations = (
				C5000B6725A7AEF10092DA8F /* Debug */,
				C5000B6825A7AEF10092DA8F /* Release */,
			);
			defaultConfigurationIsVisible = 0;
			defaultConfigurationName = Release;
		};
		C5000B6925A7AEF10092DA8F /* Build configuration list for PBXNativeTarget "testIOS2" */ = {
			isa = XCConfigurationList;
			buildConfigurations = (
				C5000B6A25A7AEF10092DA8F /* Debug */,
				C5000B6B25A7AEF10092DA8F /* Release */,
			);
			defaultConfigurationIsVisible = 0;
			defaultConfigurationName = Release;
		};
		C5000B6C25A7AEF10092DA8F /* Build configuration list for PBXNativeTarget "testIOS2Tests" */ = {
			isa = XCConfigurationList;
			buildConfigurations = (
				C5000B6D25A7AEF10092DA8F /* Debug */,
				C5000B6E25A7AEF10092DA8F /* Release */,
			);
			defaultConfigurationIsVisible = 0;
			defaultConfigurationName = Release;
		};
		C5000B6F25A7AEF10092DA8F /* Build configuration list for PBXNativeTarget "testIOS2UITests" */ = {
			isa = XCConfigurationList;
			buildConfigurations = (
				C5000B7025A7AEF10092DA8F /* Debug */,
				C5000B7125A7AEF10092DA8F /* Release */,
			);
			defaultConfigurationIsVisible = 0;
			defaultConfigurationName = Release;
		};
/* End XCConfigurationList section */
	};
	rootObject = C5000B3725A7AEED0092DA8F /* Project object */;
}
